
Microsoft Visual Studio Solution File, Format Version 12.00
# Visual Studio Version 17
VisualStudioVersion = 17.1.32407.343
MinimumVisualStudioVersion = 10.0.40219.1
Project("{FAE04EC0-301F-11D3-BF4B-00C04F79EFBC}") = "Inheritance", "Inheritance.csproj", "{77E6CEC6-3139-4B1D-80D9-7DCEA9F22ED6}"
EndProject
Global
	GlobalSection(SolutionConfigurationPlatforms) = preSolution
		Debug|Any CPU = Debug|Any CPU
		Release|Any CPU = Release|Any CPU
	EndGlobalSection
	GlobalSection(ProjectConfigurationPlatforms) = postSolution
		{77E6CEC6-3139-4B1D-80D9-7DCEA9F22ED6}.Debug|Any CPU.ActiveCfg = Debug|Any CPU
		{77E6CEC6-3139-4B1D-80D9-7DCEA9F22ED6}.Debug|Any CPU.Build.0 = Debug|Any CPU
		{77E6CEC6-3139-4B1D-80D9-7DCEA9F22ED6}.Release|Any CPU.ActiveCfg = Release|Any CPU
		{77E6CEC6-3139-4B1D-80D9-7DCEA9F22ED6}.Release|Any CPU.Build.0 = Release|Any CPU
	EndGlobalSection
	GlobalSection(SolutionProperties) = preSolution
		HideSolutionNode = FALSE
	EndGlobalSection
	GlobalSection(ExtensibilityGlobals) = postSolution
		SolutionGuid = {7ACAA262-5FCD-4C3C-A960-F26E27A34FC6}
	EndGlobalSection
EndGlobal
